
Microsoft Visual Studio Solution File, Format Version 12.00
# Visual Studio 14
VisualStudioVersion = 14.0.25420.1
MinimumVisualStudioVersion = 10.0.40219.1
Project("{F184B08F-C81C-45F6-A57F-5ABD9991F28F}") = "Gatekeeper Suite 2016", "Gatekeeper Suite 2016\Gatekeeper Suite 2016.vbproj", "{6F0C9A26-0364-4A1A-9D7B-48B2F9E4E60E}"
EndProject
Project("{F184B08F-C81C-45F6-A57F-5ABD9991F28F}") = "Middleman2016", "Middleman2016\Middleman2016.vbproj", "{C5218738-30FC-4BEC-B427-1703E73FCF7B}"
EndProject
Project("{F184B08F-C81C-45F6-A57F-5ABD9991F28F}") = "UserUtilities", "UserUtilities\UserUtilities.vbproj", "{3766B665-7395-4558-AC92-7B6EA5F63FBD}"
EndProject
Project("{2150E333-8FDC-42A3-9474-1A3956D46DE8}") = "Solution Items", "Solution Items", "{ACC4ACFD-59F8-4831-B38F-D90B27210202}"
EndProject
Project("{6141683F-8A12-4E36-9623-2EB02B2C2303}") = "GatekeeperSuite Install", "GatekeeperSuite Install\GatekeeperSuite Install.isproj", "{39A16528-114F-4317-8B4A-E3E4FB887A88}"
	ProjectSection(ProjectDependencies) = postProject
		{6F0C9A26-0364-4A1A-9D7B-48B2F9E4E60E} = {6F0C9A26-0364-4A1A-9D7B-48B2F9E4E60E}
		{C5218738-30FC-4BEC-B427-1703E73FCF7B} = {C5218738-30FC-4BEC-B427-1703E73FCF7B}
		{3766B665-7395-4558-AC92-7B6EA5F63FBD} = {3766B665-7395-4558-AC92-7B6EA5F63FBD}
	EndProjectSection
EndProject
Global
	GlobalSection(SolutionConfigurationPlatforms) = preSolution
		CD_ROM|Any CPU = CD_ROM|Any CPU
		CD_ROM|x64 = CD_ROM|x64
		CD_ROM|x86 = CD_ROM|x86
		Debug|Any CPU = Debug|Any CPU
		Debug|x64 = Debug|x64
		Debug|x86 = Debug|x86
		DVD-5|Any CPU = DVD-5|Any CPU
		DVD-5|x64 = DVD-5|x64
		DVD-5|x86 = DVD-5|x86
		Release|Any CPU = Release|Any CPU
		Release|x64 = Release|x64
		Release|x86 = Release|x86
		SingleImage|Any CPU = SingleImage|Any CPU
		SingleImage|x64 = SingleImage|x64
		SingleImage|x86 = SingleImage|x86
	EndGlobalSection
	GlobalSection(ProjectConfigurationPlatforms) = postSolution
		{6F0C9A26-0364-4A1A-9D7B-48B2F9E4E60E}.CD_ROM|Any CPU.ActiveCfg = Release|Any CPU
		{6F0C9A26-0364-4A1A-9D7B-48B2F9E4E60E}.CD_ROM|Any CPU.Build.0 = Release|Any CPU
		{6F0C9A26-0364-4A1A-9D7B-48B2F9E4E60E}.CD_ROM|x64.ActiveCfg = Release|x64
		{6F0C9A26-0364-4A1A-9D7B-48B2F9E4E60E}.CD_ROM|x64.Build.0 = Release|x64
		{6F0C9A26-0364-4A1A-9D7B-48B2F9E4E60E}.CD_ROM|x86.ActiveCfg = Debug|Any CPU
		{6F0C9A26-0364-4A1A-9D7B-48B2F9E4E60E}.CD_ROM|x86.Build.0 = Debug|Any CPU
		{6F0C9A26-0364-4A1A-9D7B-48B2F9E4E60E}.Debug|Any CPU.ActiveCfg = Debug|Any CPU
		{6F0C9A26-0364-4A1A-9D7B-48B2F9E4E60E}.Debug|Any CPU.Build.0 = Debug|Any CPU
		{6F0C9A26-0364-4A1A-9D7B-48B2F9E4E60E}.Debug|x64.ActiveCfg = Debug|Any CPU
		{6F0C9A26-0364-4A1A-9D7B-48B2F9E4E60E}.Debug|x64.Build.0 = Debug|Any CPU
		{6F0C9A26-0364-4A1A-9D7B-48B2F9E4E60E}.Debug|x86.ActiveCfg = Debug|Any CPU
		{6F0C9A26-0364-4A1A-9D7B-48B2F9E4E60E}.Debug|x86.Build.0 = Debug|Any CPU
		{6F0C9A26-0364-4A1A-9D7B-48B2F9E4E60E}.DVD-5|Any CPU.ActiveCfg = Debug|Any CPU
		{6F0C9A26-0364-4A1A-9D7B-48B2F9E4E60E}.DVD-5|Any CPU.Build.0 = Debug|Any CPU
		{6F0C9A26-0364-4A1A-9D7B-48B2F9E4E60E}.DVD-5|x64.ActiveCfg = Debug|x64
		{6F0C9A26-0364-4A1A-9D7B-48B2F9E4E60E}.DVD-5|x64.Build.0 = Debug|x64
		{6F0C9A26-0364-4A1A-9D7B-48B2F9E4E60E}.DVD-5|x86.ActiveCfg = Debug|Any CPU
		{6F0C9A26-0364-4A1A-9D7B-48B2F9E4E60E}.DVD-5|x86.Build.0 = Debug|Any CPU
		{6F0C9A26-0364-4A1A-9D7B-48B2F9E4E60E}.Release|Any CPU.ActiveCfg = Release|Any CPU
		{6F0C9A26-0364-4A1A-9D7B-48B2F9E4E60E}.Release|Any CPU.Build.0 = Release|Any CPU
		{6F0C9A26-0364-4A1A-9D7B-48B2F9E4E60E}.Release|x64.ActiveCfg = Release|x64
		{6F0C9A26-0364-4A1A-9D7B-48B2F9E4E60E}.Release|x64.Build.0 = Release|x64
		{6F0C9A26-0364-4A1A-9D7B-48B2F9E4E60E}.Release|x86.ActiveCfg = Release|Any CPU
		{6F0C9A26-0364-4A1A-9D7B-48B2F9E4E60E}.Release|x86.Build.0 = Release|Any CPU
		{6F0C9A26-0364-4A1A-9D7B-48B2F9E4E60E}.SingleImage|Any CPU.ActiveCfg = Release|Any CPU
		{6F0C9A26-0364-4A1A-9D7B-48B2F9E4E60E}.SingleImage|Any CPU.Build.0 = Release|Any CPU
		{6F0C9A26-0364-4A1A-9D7B-48B2F9E4E60E}.SingleImage|x64.ActiveCfg = Release|x64
		{6F0C9A26-0364-4A1A-9D7B-48B2F9E4E60E}.SingleImage|x64.Build.0 = Release|x64
		{6F0C9A26-0364-4A1A-9D7B-48B2F9E4E60E}.SingleImage|x86.ActiveCfg = Debug|Any CPU
		{6F0C9A26-0364-4A1A-9D7B-48B2F9E4E60E}.SingleImage|x86.Build.0 = Debug|Any CPU
		{C5218738-30FC-4BEC-B427-1703E73FCF7B}.CD_ROM|Any CPU.ActiveCfg = Release|Any CPU
		{C5218738-30FC-4BEC-B427-1703E73FCF7B}.CD_ROM|Any CPU.Build.0 = Release|Any CPU
		{C5218738-30FC-4BEC-B427-1703E73FCF7B}.CD_ROM|x64.ActiveCfg = Release|x64
		{C5218738-30FC-4BEC-B427-1703E73FCF7B}.CD_ROM|x64.Build.0 = Release|x64
		{C5218738-30FC-4BEC-B427-1703E73FCF7B}.CD_ROM|x86.ActiveCfg = Debug|Any CPU
		{C5218738-30FC-4BEC-B427-1703E73FCF7B}.CD_ROM|x86.Build.0 = Debug|Any CPU
		{C5218738-30FC-4BEC-B427-1703E73FCF7B}.Debug|Any CPU.ActiveCfg = Debug|Any CPU
		{C5218738-30FC-4BEC-B427-1703E73FCF7B}.Debug|Any CPU.Build.0 = Debug|Any CPU
		{C5218738-30FC-4BEC-B427-1703E73FCF7B}.Debug|x64.ActiveCfg = Debug|Any CPU
		{C5218738-30FC-4BEC-B427-1703E73FCF7B}.Debug|x64.Build.0 = Debug|Any CPU
		{C5218738-30FC-4BEC-B427-1703E73FCF7B}.Debug|x86.ActiveCfg = Debug|Any CPU
		{C5218738-30FC-4BEC-B427-1703E73FCF7B}.Debug|x86.Build.0 = Debug|Any CPU
		{C5218738-30FC-4BEC-B427-1703E73FCF7B}.DVD-5|Any CPU.ActiveCfg = Debug|Any CPU
		{C5218738-30FC-4BEC-B427-1703E73FCF7B}.DVD-5|Any CPU.Build.0 = Debug|Any CPU
		{C5218738-30FC-4BEC-B427-1703E73FCF7B}.DVD-5|x64.ActiveCfg = Debug|x64
		{C5218738-30FC-4BEC-B427-1703E73FCF7B}.DVD-5|x64.Build.0 = Debug|x64
		{C5218738-30FC-4BEC-B427-1703E73FCF7B}.DVD-5|x86.ActiveCfg = Debug|Any CPU
		{C5218738-30FC-4BEC-B427-1703E73FCF7B}.DVD-5|x86.Build.0 = Debug|Any CPU
		{C5218738-30FC-4BEC-B427-1703E73FCF7B}.Release|Any CPU.ActiveCfg = Release|Any CPU
		{C5218738-30FC-4BEC-B427-1703E73FCF7B}.Release|Any CPU.Build.0 = Release|Any CPU
		{C5218738-30FC-4BEC-B427-1703E73FCF7B}.Release|x64.ActiveCfg = Release|x64
		{C5218738-30FC-4BEC-B427-1703E73FCF7B}.Release|x64.Build.0 = Release|x64
		{C5218738-30FC-4BEC-B427-1703E73FCF7B}.Release|x86.ActiveCfg = Release|Any CPU
		{C5218738-30FC-4BEC-B427-1703E73FCF7B}.Release|x86.Build.0 = Release|Any CPU
		{C5218738-30FC-4BEC-B427-1703E73FCF7B}.SingleImage|Any CPU.ActiveCfg = Release|Any CPU
		{C5218738-30FC-4BEC-B427-1703E73FCF7B}.SingleImage|Any CPU.Build.0 = Release|Any CPU
		{C5218738-30FC-4BEC-B427-1703E73FCF7B}.SingleImage|x64.ActiveCfg = Release|x64
		{C5218738-30FC-4BEC-B427-1703E73FCF7B}.SingleImage|x64.Build.0 = Release|x64
		{C5218738-30FC-4BEC-B427-1703E73FCF7B}.SingleImage|x86.ActiveCfg = Debug|Any CPU
		{C5218738-30FC-4BEC-B427-1703E73FCF7B}.SingleImage|x86.Build.0 = Debug|Any CPU
		{3766B665-7395-4558-AC92-7B6EA5F63FBD}.CD_ROM|Any CPU.ActiveCfg = Release|Any CPU
		{3766B665-7395-4558-AC92-7B6EA5F63FBD}.CD_ROM|Any CPU.Build.0 = Release|Any CPU
		{3766B665-7395-4558-AC92-7B6EA5F63FBD}.CD_ROM|x64.ActiveCfg = Release|x64
		{3766B665-7395-4558-AC92-7B6EA5F63FBD}.CD_ROM|x64.Build.0 = Release|x64
		{3766B665-7395-4558-AC92-7B6EA5F63FBD}.CD_ROM|x86.ActiveCfg = Debug|Any CPU
		{3766B665-7395-4558-AC92-7B6EA5F63FBD}.CD_ROM|x86.Build.0 = Debug|Any CPU
		{3766B665-7395-4558-AC92-7B6EA5F63FBD}.Debug|Any CPU.ActiveCfg = Debug|Any CPU
		{3766B665-7395-4558-AC92-7B6EA5F63FBD}.Debug|Any CPU.Build.0 = Debug|Any CPU
		{3766B665-7395-4558-AC92-7B6EA5F63FBD}.Debug|x64.ActiveCfg = Debug|Any CPU
		{3766B665-7395-4558-AC92-7B6EA5F63FBD}.Debug|x64.Build.0 = Debug|Any CPU
		{3766B665-7395-4558-AC92-7B6EA5F63FBD}.Debug|x86.ActiveCfg = Debug|Any CPU
		{3766B665-7395-4558-AC92-7B6EA5F63FBD}.Debug|x86.Build.0 = Debug|Any CPU
		{3766B665-7395-4558-AC92-7B6EA5F63FBD}.DVD-5|Any CPU.ActiveCfg = Debug|Any CPU
		{3766B665-7395-4558-AC92-7B6EA5F63FBD}.DVD-5|Any CPU.Build.0 = Debug|Any CPU
		{3766B665-7395-4558-AC92-7B6EA5F63FBD}.DVD-5|x64.ActiveCfg = Debug|x64
		{3766B665-7395-4558-AC92-7B6EA5F63FBD}.DVD-5|x64.Build.0 = Debug|x64
		{3766B665-7395-4558-AC92-7B6EA5F63FBD}.DVD-5|x86.ActiveCfg = Debug|Any CPU
		{3766B665-7395-4558-AC92-7B6EA5F63FBD}.DVD-5|x86.Build.0 = Debug|Any CPU
		{3766B665-7395-4558-AC92-7B6EA5F63FBD}.Release|Any CPU.ActiveCfg = Release|Any CPU
		{3766B665-7395-4558-AC92-7B6EA5F63FBD}.Release|Any CPU.Build.0 = Release|Any CPU
		{3766B665-7395-4558-AC92-7B6EA5F63FBD}.Release|x64.ActiveCfg = Release|x64
		{3766B665-7395-4558-AC92-7B6EA5F63FBD}.Release|x64.Build.0 = Release|x64
		{3766B665-7395-4558-AC92-7B6EA5F63FBD}.Release|x86.ActiveCfg = Release|Any CPU
		{3766B665-7395-4558-AC92-7B6EA5F63FBD}.Release|x86.Build.0 = Release|Any CPU
		{3766B665-7395-4558-AC92-7B6EA5F63FBD}.SingleImage|Any CPU.ActiveCfg = Release|Any CPU
		{3766B665-7395-4558-AC92-7B6EA5F63FBD}.SingleImage|Any CPU.Build.0 = Release|Any CPU
		{3766B665-7395-4558-AC92-7B6EA5F63FBD}.SingleImage|x64.ActiveCfg = Release|x64
		{3766B665-7395-4558-AC92-7B6EA5F63FBD}.SingleImage|x64.Build.0 = Release|x64
		{3766B665-7395-4558-AC92-7B6EA5F63FBD}.SingleImage|x86.ActiveCfg = Debug|Any CPU
		{3766B665-7395-4558-AC92-7B6EA5F63FBD}.SingleImage|x86.Build.0 = Debug|Any CPU
		{39A16528-114F-4317-8B4A-E3E4FB887A88}.CD_ROM|Any CPU.ActiveCfg = CD_ROM
		{39A16528-114F-4317-8B4A-E3E4FB887A88}.CD_ROM|Any CPU.Build.0 = CD_ROM
		{39A16528-114F-4317-8B4A-E3E4FB887A88}.CD_ROM|x64.ActiveCfg = CD_ROM
		{39A16528-114F-4317-8B4A-E3E4FB887A88}.CD_ROM|x64.Build.0 = CD_ROM
		{39A16528-114F-4317-8B4A-E3E4FB887A88}.CD_ROM|x86.ActiveCfg = CD_ROM
		{39A16528-114F-4317-8B4A-E3E4FB887A88}.CD_ROM|x86.Build.0 = CD_ROM
		{39A16528-114F-4317-8B4A-E3E4FB887A88}.Debug|Any CPU.ActiveCfg = DVD-5
		{39A16528-114F-4317-8B4A-E3E4FB887A88}.Debug|Any CPU.Build.0 = DVD-5
		{39A16528-114F-4317-8B4A-E3E4FB887A88}.Debug|x64.ActiveCfg = DVD-5
		{39A16528-114F-4317-8B4A-E3E4FB887A88}.Debug|x64.Build.0 = DVD-5
		{39A16528-114F-4317-8B4A-E3E4FB887A88}.Debug|x86.ActiveCfg = DVD-5
		{39A16528-114F-4317-8B4A-E3E4FB887A88}.Debug|x86.Build.0 = DVD-5
		{39A16528-114F-4317-8B4A-E3E4FB887A88}.DVD-5|Any CPU.ActiveCfg = DVD-5
		{39A16528-114F-4317-8B4A-E3E4FB887A88}.DVD-5|Any CPU.Build.0 = DVD-5
		{39A16528-114F-4317-8B4A-E3E4FB887A88}.DVD-5|x64.ActiveCfg = DVD-5
		{39A16528-114F-4317-8B4A-E3E4FB887A88}.DVD-5|x64.Build.0 = DVD-5
		{39A16528-114F-4317-8B4A-E3E4FB887A88}.DVD-5|x86.ActiveCfg = DVD-5
		{39A16528-114F-4317-8B4A-E3E4FB887A88}.DVD-5|x86.Build.0 = DVD-5
		{39A16528-114F-4317-8B4A-E3E4FB887A88}.Release|Any CPU.ActiveCfg = SingleImage
		{39A16528-114F-4317-8B4A-E3E4FB887A88}.Release|Any CPU.Build.0 = SingleImage
		{39A16528-114F-4317-8B4A-E3E4FB887A88}.Release|x64.ActiveCfg = SingleImage
		{39A16528-114F-4317-8B4A-E3E4FB887A88}.Release|x64.Build.0 = SingleImage
		{39A16528-114F-4317-8B4A-E3E4FB887A88}.Release|x86.ActiveCfg = SingleImage
		{39A16528-114F-4317-8B4A-E3E4FB887A88}.Release|x86.Build.0 = SingleImage
		{39A16528-114F-4317-8B4A-E3E4FB887A88}.SingleImage|Any CPU.ActiveCfg = SingleImage
		{39A16528-114F-4317-8B4A-E3E4FB887A88}.SingleImage|Any CPU.Build.0 = SingleImage
		{39A16528-114F-4317-8B4A-E3E4FB887A88}.SingleImage|x64.ActiveCfg = SingleImage
		{39A16528-114F-4317-8B4A-E3E4FB887A88}.SingleImage|x64.Build.0 = SingleImage
		{39A16528-114F-4317-8B4A-E3E4FB887A88}.SingleImage|x86.ActiveCfg = SingleImage
		{39A16528-114F-4317-8B4A-E3E4FB887A88}.SingleImage|x86.Build.0 = SingleImage
	EndGlobalSection
	GlobalSection(SolutionProperties) = preSolution
		HideSolutionNode = FALSE
	EndGlobalSection
EndGlobal
